
Microsoft Visual Studio Solution File, Format Version 12.00
# Visual Studio Version 16
VisualStudioVersion = 16.0.31702.278
MinimumVisualStudioVersion = 10.0.40219.1
Project("{FAE04EC0-301F-11D3-BF4B-00C04F79EFBC}") = "kuzyakova", "kuzyakova\kuzyakova.csproj", "{3A67A139-D85D-4C0C-B2C1-D381B938D524}"
EndProject
Global
	GlobalSection(SolutionConfigurationPlatforms) = preSolution
		Debug|Any CPU = Debug|Any CPU
		Release|Any CPU = Release|Any CPU
	EndGlobalSection
	GlobalSection(ProjectConfigurationPlatforms) = postSolution
		{3A67A139-D85D-4C0C-B2C1-D381B938D524}.Debug|Any CPU.ActiveCfg = Debug|Any CPU
		{3A67A139-D85D-4C0C-B2C1-D381B938D524}.Debug|Any CPU.Build.0 = Debug|Any CPU
		{3A67A139-D85D-4C0C-B2C1-D381B938D524}.Release|Any CPU.ActiveCfg = Release|Any CPU
		{3A67A139-D85D-4C0C-B2C1-D381B938D524}.Release|Any CPU.Build.0 = Release|Any CPU
	EndGlobalSection
	GlobalSection(SolutionProperties) = preSolution
		HideSolutionNode = FALSE
	EndGlobalSection
	GlobalSection(ExtensibilityGlobals) = postSolution
		SolutionGuid = {5D96201C-9C43-4198-96E3-E85C8E1EB446}
	EndGlobalSection
EndGlobal
